{
  "nodes": {
    "configured-emacs": {
      "inputs": {
        "emacs-overlay": "emacs-overlay",
        "nixpkgs": [
          "nixpkgs"
        ]
      },
      "locked": {
        "lastModified": 1687480012,
        "narHash": "sha256-lxHkku3VXQ73MahVXfATXmGBgf6I7pRkzBTx+niYe3k=",
        "owner": "jeffkreeftmeijer",
        "repo": ".emacs.d",
        "rev": "24691aef441ddd34faa01dfac2e51416bc7d8e8b",
        "type": "github"
      },
      "original": {
        "owner": "jeffkreeftmeijer",
        "ref": "main",
        "repo": ".emacs.d",
        "type": "github"
      }
    },
    "darwin": {
      "inputs": {
        "nixpkgs": [
          "nixpkgs"
        ]
      },
      "locked": {
        "lastModified": 1687385522,
        "narHash": "sha256-GR8mqsqYcdZ67dCcII5SWcwHqPAJRWXPmqsuMl7+KA4=",
        "owner": "lnl7",
        "repo": "nix-darwin",
        "rev": "bc346a67d34a336ca3c507570875cc88038e6120",
        "type": "github"
      },
      "original": {
        "owner": "lnl7",
        "ref": "master",
        "repo": "nix-darwin",
        "type": "github"
      }
    },
    "emacs-overlay": {
      "inputs": {
        "flake-utils": "flake-utils",
        "nixpkgs": [
          "configured-emacs",
          "nixpkgs"
        ],
        "nixpkgs-stable": "nixpkgs-stable"
      },
      "locked": {
        "lastModified": 1687458394,
        "narHash": "sha256-0bYmx2xQRFIi94C5zhSuZb5B5XpVHPkxDNnpx7gCo2Q=",
        "owner": "nix-community",
        "repo": "emacs-overlay",
        "rev": "505bd47eed2d362e7c1540fdfde041388ca67d57",
        "type": "github"
      },
      "original": {
        "owner": "nix-community",
        "repo": "emacs-overlay",
        "type": "github"
      }
    },
    "flake-utils": {
      "inputs": {
        "systems": "systems"
      },
      "locked": {
        "lastModified": 1687171271,
        "narHash": "sha256-BJlq+ozK2B1sJDQXS3tzJM5a+oVZmi1q0FlBK/Xqv7M=",
        "owner": "numtide",
        "repo": "flake-utils",
        "rev": "abfb11bd1aec8ced1c9bb9adfe68018230f4fb3c",
        "type": "github"
      },
      "original": {
        "owner": "numtide",
        "repo": "flake-utils",
        "type": "github"
      }
    },
    "home-manager": {
      "inputs": {
        "nixpkgs": [
          "nixpkgs"
        ]
      },
      "locked": {
        "lastModified": 1687473300,
        "narHash": "sha256-4LflQpktYFiub8xVhEN9EZf1cYsr09md01rBJZRCGCc=",
        "owner": "nix-community",
        "repo": "home-manager",
        "rev": "70ac18872a5f1a57a4546ff58888bf67a8bbb5b3",
        "type": "github"
      },
      "original": {
        "owner": "nix-community",
        "repo": "home-manager",
        "type": "github"
      }
    },
    "nixpkgs": {
      "locked": {
        "lastModified": 1687412861,
        "narHash": "sha256-Z/g0wbL68C+mSGerYS2quv9FXQ1RRP082cAC0Bh4vcs=",
        "owner": "nixos",
        "repo": "nixpkgs",
        "rev": "e603dc5f061ca1d8a19b3ede6a8cf9c9fcba6cdc",
        "type": "github"
      },
      "original": {
        "owner": "nixos",
        "ref": "nixos-unstable",
        "repo": "nixpkgs",
        "type": "github"
      }
    },
    "nixpkgs-stable": {
      "locked": {
        "lastModified": 1687288566,
        "narHash": "sha256-VckkiJ88Gzdc2cstm0z5eFcrHbvkm4VjxavHBGssvZI=",
        "owner": "NixOS",
        "repo": "nixpkgs",
        "rev": "b6c73c5fe53bb3afbf65e870541e0645e9145171",
        "type": "github"
      },
      "original": {
        "owner": "NixOS",
        "ref": "nixos-23.05",
        "repo": "nixpkgs",
        "type": "github"
      }
    },
    "root": {
      "inputs": {
        "configured-emacs": "configured-emacs",
        "darwin": "darwin",
        "home-manager": "home-manager",
        "nixpkgs": "nixpkgs"
      }
    },
    "systems": {
      "locked": {
        "lastModified": 1681028828,
        "narHash": "sha256-Vy1rq5AaRuLzOxct8nz4T6wlgyUR7zLU309k9mBC768=",
        "owner": "nix-systems",
        "repo": "default",
        "rev": "da67096a3b9bf56a91d16901293e51ba5b49a27e",
        "type": "github"
      },
      "original": {
        "owner": "nix-systems",
        "repo": "default",
        "type": "github"
      }
    }
  },
  "root": "root",
  "version": 7
}
