{
  "nodes": {
    "configured-emacs": {
      "inputs": {
        "emacs-overlay": "emacs-overlay",
        "nixpkgs": [
          "nixpkgs"
        ]
      },
      "locked": {
        "lastModified": 1712881267,
        "narHash": "sha256-5eoJNa8qEAA0Zs5ZZQVJiq5D3da6KdWIuj3k2SWbshA=",
        "owner": "jeffkreeftmeijer",
        "repo": ".emacs.d",
        "rev": "acdaec74ba50367dd3c2b5a87c0deb9aa8bdb092",
        "type": "github"
      },
      "original": {
        "owner": "jeffkreeftmeijer",
        "ref": "main",
        "repo": ".emacs.d",
        "type": "github"
      }
    },
    "darwin": {
      "inputs": {
        "nixpkgs": [
          "nixpkgs"
        ]
      },
      "locked": {
        "lastModified": 1711763326,
        "narHash": "sha256-sXcesZWKXFlEQ8oyGHnfk4xc9f2Ip0X/+YZOq3sKviI=",
        "owner": "lnl7",
        "repo": "nix-darwin",
        "rev": "36524adc31566655f2f4d55ad6b875fb5c1a4083",
        "type": "github"
      },
      "original": {
        "owner": "lnl7",
        "ref": "master",
        "repo": "nix-darwin",
        "type": "github"
      }
    },
    "emacs-overlay": {
      "inputs": {
        "flake-utils": "flake-utils",
        "nixpkgs": [
          "configured-emacs",
          "nixpkgs"
        ],
        "nixpkgs-stable": "nixpkgs-stable"
      },
      "locked": {
        "lastModified": 1712855032,
        "narHash": "sha256-FrlJ7F6568TIj4uTmP2vXhF5cOEsY+w3voxMNMwvchI=",
        "owner": "nix-community",
        "repo": "emacs-overlay",
        "rev": "705fbd143cc7ee5899525003feda2267e23b4bd6",
        "type": "github"
      },
      "original": {
        "owner": "nix-community",
        "repo": "emacs-overlay",
        "type": "github"
      }
    },
    "flake-utils": {
      "inputs": {
        "systems": "systems"
      },
      "locked": {
        "lastModified": 1710146030,
        "narHash": "sha256-SZ5L6eA7HJ/nmkzGG7/ISclqe6oZdOZTNoesiInkXPQ=",
        "owner": "numtide",
        "repo": "flake-utils",
        "rev": "b1d9ab70662946ef0850d488da1c9019f3a9752a",
        "type": "github"
      },
      "original": {
        "owner": "numtide",
        "repo": "flake-utils",
        "type": "github"
      }
    },
    "home-manager": {
      "inputs": {
        "nixpkgs": [
          "nixpkgs"
        ]
      },
      "locked": {
        "lastModified": 1712759992,
        "narHash": "sha256-2APpO3ZW4idlgtlb8hB04u/rmIcKA8O7pYqxF66xbNY=",
        "owner": "nix-community",
        "repo": "home-manager",
        "rev": "31357486b0ef6f4e161e002b6893eeb4fafc3ca9",
        "type": "github"
      },
      "original": {
        "owner": "nix-community",
        "repo": "home-manager",
        "type": "github"
      }
    },
    "nixpkgs": {
      "locked": {
        "lastModified": 1712608508,
        "narHash": "sha256-vMZ5603yU0wxgyQeHJryOI+O61yrX2AHwY6LOFyV1gM=",
        "owner": "nixos",
        "repo": "nixpkgs",
        "rev": "4cba8b53da471aea2ab2b0c1f30a81e7c451f4b6",
        "type": "github"
      },
      "original": {
        "owner": "nixos",
        "ref": "nixos-unstable",
        "repo": "nixpkgs",
        "type": "github"
      }
    },
    "nixpkgs-stable": {
      "locked": {
        "lastModified": 1712741485,
        "narHash": "sha256-bCs0+MSTra80oXAsnM6Oq62WsirOIaijQ/BbUY59tR4=",
        "owner": "NixOS",
        "repo": "nixpkgs",
        "rev": "b2cf36f43f9ef2ded5711b30b1f393ac423d8f72",
        "type": "github"
      },
      "original": {
        "owner": "NixOS",
        "ref": "nixos-23.11",
        "repo": "nixpkgs",
        "type": "github"
      }
    },
    "root": {
      "inputs": {
        "configured-emacs": "configured-emacs",
        "darwin": "darwin",
        "home-manager": "home-manager",
        "nixpkgs": "nixpkgs"
      }
    },
    "systems": {
      "locked": {
        "lastModified": 1681028828,
        "narHash": "sha256-Vy1rq5AaRuLzOxct8nz4T6wlgyUR7zLU309k9mBC768=",
        "owner": "nix-systems",
        "repo": "default",
        "rev": "da67096a3b9bf56a91d16901293e51ba5b49a27e",
        "type": "github"
      },
      "original": {
        "owner": "nix-systems",
        "repo": "default",
        "type": "github"
      }
    }
  },
  "root": "root",
  "version": 7
}
